
Microsoft Visual Studio Solution File, Format Version 12.00
# Visual Studio Version 17
VisualStudioVersion = 17.0.31912.275
MinimumVisualStudioVersion = 10.0.40219.1
Project("{FAE04EC0-301F-11D3-BF4B-00C04F79EFBC}") = "CuenPiDesk_V1", "CuenPiDesk_V1.csproj", "{F514D6BE-4BAC-485C-AFF4-B905E1F0917B}"
EndProject
Global
	GlobalSection(SolutionConfigurationPlatforms) = preSolution
		Debug|Any CPU = Debug|Any CPU
		Release|Any CPU = Release|Any CPU
	EndGlobalSection
	GlobalSection(ProjectConfigurationPlatforms) = postSolution
		{F514D6BE-4BAC-485C-AFF4-B905E1F0917B}.Debug|Any CPU.ActiveCfg = Debug|Any CPU
		{F514D6BE-4BAC-485C-AFF4-B905E1F0917B}.Debug|Any CPU.Build.0 = Debug|Any CPU
		{F514D6BE-4BAC-485C-AFF4-B905E1F0917B}.Release|Any CPU.ActiveCfg = Release|Any CPU
		{F514D6BE-4BAC-485C-AFF4-B905E1F0917B}.Release|Any CPU.Build.0 = Release|Any CPU
	EndGlobalSection
	GlobalSection(SolutionProperties) = preSolution
		HideSolutionNode = FALSE
	EndGlobalSection
	GlobalSection(ExtensibilityGlobals) = postSolution
		SolutionGuid = {DA27D04D-1064-4F8E-B90E-C456444D5B56}
	EndGlobalSection
EndGlobal
